
Microsoft Visual Studio Solution File, Format Version 12.00
# Visual Studio 15
VisualStudioVersion = 15.0.28307.168
MinimumVisualStudioVersion = 10.0.40219.1
Project("{2150E333-8FDC-42A3-9474-1A3956D46DE8}") = "TWXP", "TWXP", "{A35C1888-25D1-438D-9F45-EFFA45FF6B1E}"
EndProject
Project("{2150E333-8FDC-42A3-9474-1A3956D46DE8}") = "TWXC", "TWXC", "{2ACD6B0C-6A65-4B63-820A-F94DDC94B9F7}"
EndProject
Project("{2150E333-8FDC-42A3-9474-1A3956D46DE8}") = "TWXD", "TWXD", "{844996D4-6B51-410F-A498-9A2437D48417}"
EndProject
Project("{2150E333-8FDC-42A3-9474-1A3956D46DE8}") = "Shared", "Shared", "{E55513BA-6D29-4B28-B819-69D0B4A20965}"
EndProject
Project("{FAE04EC0-301F-11D3-BF4B-00C04F79EFBC}") = "TWX", "Source\Shared\TWXP\TWX.csproj", "{7467BCC2-B86C-4807-BFE1-2E2DB76B76C7}"
EndProject
Project("{FAE04EC0-301F-11D3-BF4B-00C04F79EFBC}") = "TWXC", "Source\TWXC\TWXC.csproj", "{AC4AD25F-ED74-4691-9CA9-672CCC74FA99}"
EndProject
Project("{FAE04EC0-301F-11D3-BF4B-00C04F79EFBC}") = "TWXD", "Source\TWXD\TWXD.csproj", "{12EFC976-D9C5-4574-BB7F-9B2C304CD75F}"
EndProject
Project("{FAE04EC0-301F-11D3-BF4B-00C04F79EFBC}") = "TWXP", "Source\TWXP\TWXP.csproj", "{D58985B2-70AD-436D-8FE1-28247D6BE463}"
EndProject
Global
	GlobalSection(SolutionConfigurationPlatforms) = preSolution
		Debug|Any CPU = Debug|Any CPU
		Release|Any CPU = Release|Any CPU
	EndGlobalSection
	GlobalSection(ProjectConfigurationPlatforms) = postSolution
		{7467BCC2-B86C-4807-BFE1-2E2DB76B76C7}.Debug|Any CPU.ActiveCfg = Debug|Any CPU
		{7467BCC2-B86C-4807-BFE1-2E2DB76B76C7}.Debug|Any CPU.Build.0 = Debug|Any CPU
		{7467BCC2-B86C-4807-BFE1-2E2DB76B76C7}.Release|Any CPU.ActiveCfg = Release|Any CPU
		{7467BCC2-B86C-4807-BFE1-2E2DB76B76C7}.Release|Any CPU.Build.0 = Release|Any CPU
		{AC4AD25F-ED74-4691-9CA9-672CCC74FA99}.Debug|Any CPU.ActiveCfg = Debug|Any CPU
		{AC4AD25F-ED74-4691-9CA9-672CCC74FA99}.Debug|Any CPU.Build.0 = Debug|Any CPU
		{AC4AD25F-ED74-4691-9CA9-672CCC74FA99}.Release|Any CPU.ActiveCfg = Release|Any CPU
		{AC4AD25F-ED74-4691-9CA9-672CCC74FA99}.Release|Any CPU.Build.0 = Release|Any CPU
		{12EFC976-D9C5-4574-BB7F-9B2C304CD75F}.Debug|Any CPU.ActiveCfg = Debug|Any CPU
		{12EFC976-D9C5-4574-BB7F-9B2C304CD75F}.Debug|Any CPU.Build.0 = Debug|Any CPU
		{12EFC976-D9C5-4574-BB7F-9B2C304CD75F}.Release|Any CPU.ActiveCfg = Release|Any CPU
		{12EFC976-D9C5-4574-BB7F-9B2C304CD75F}.Release|Any CPU.Build.0 = Release|Any CPU
		{D58985B2-70AD-436D-8FE1-28247D6BE463}.Debug|Any CPU.ActiveCfg = Debug|Any CPU
		{D58985B2-70AD-436D-8FE1-28247D6BE463}.Debug|Any CPU.Build.0 = Debug|Any CPU
		{D58985B2-70AD-436D-8FE1-28247D6BE463}.Release|Any CPU.ActiveCfg = Release|Any CPU
		{D58985B2-70AD-436D-8FE1-28247D6BE463}.Release|Any CPU.Build.0 = Release|Any CPU
	EndGlobalSection
	GlobalSection(SolutionProperties) = preSolution
		HideSolutionNode = FALSE
	EndGlobalSection
	GlobalSection(NestedProjects) = preSolution
		{7467BCC2-B86C-4807-BFE1-2E2DB76B76C7} = {E55513BA-6D29-4B28-B819-69D0B4A20965}
		{AC4AD25F-ED74-4691-9CA9-672CCC74FA99} = {2ACD6B0C-6A65-4B63-820A-F94DDC94B9F7}
		{12EFC976-D9C5-4574-BB7F-9B2C304CD75F} = {844996D4-6B51-410F-A498-9A2437D48417}
		{D58985B2-70AD-436D-8FE1-28247D6BE463} = {A35C1888-25D1-438D-9F45-EFFA45FF6B1E}
	EndGlobalSection
	GlobalSection(ExtensibilityGlobals) = postSolution
		SolutionGuid = {CDABC317-D1E0-4190-A964-CC2411B349A9}
	EndGlobalSection
EndGlobal
